<?xml version="1.0" encoding="utf-8"?>
<Project ToolsVersion="4.0" xmlns="http://schemas.microsoft.com/developer/msbuild/2003">
  <ItemGroup>
    <Filter Include="pir8">
      <UniqueIdentifier>{3f817915-3d3f-4e82-b79c-a959b234f906}</UniqueIdentifier>
    </Filter>
    <Filter Include="data">
      <UniqueIdentifier>{423d01e8-0d07-4ff0-b2e4-1e204b7d5b03}</UniqueIdentifier>
    </Filter>
  </ItemGroup>
  <ItemGroup>
    <ClCompile Include="pir8\main.cpp">
      <Filter>pir8</Filter>
    </ClCompile>
    <ClCompile Include="pir8\pch.cpp">
      <Filter>pir8</Filter>
    </ClCompile>
    <ClCompile Include="pir8\stb_image.cpp">
      <Filter>pir8</Filter>
    </ClCompile>
  </ItemGroup>
  <ItemGroup>
    <ClInclude Include="pir8\pch.hpp">
      <Filter>pir8</Filter>
    </ClInclude>
    <ClInclude Include="pir8\utils.hpp">
      <Filter>pir8</Filter>
    </ClInclude>
    <ClInclude Include="pir8\bit_codec.hpp">
      <Filter>pir8</Filter>
    </ClInclude>
  </ItemGroup>
  <ItemGroup>
    <Image Include="data\terminal10x16_gs_ro.png">
      <Filter>data</Filter>
    </Image>
  </ItemGroup>
</Project>